
Microsoft Visual Studio Solution File, Format Version 12.00
# Visual Studio Version 17
VisualStudioVersion = 17.8.34330.188
MinimumVisualStudioVersion = 10.0.40219.1
Project("{8BC9CEB8-8B4A-11D0-8D11-00A0C91BC942}") = "Queue_Priority", "Queue_Priority\Queue_Priority.vcxproj", "{67BA45B2-9F4A-48EF-9541-972E2E8098C6}"
EndProject
Global
	GlobalSection(SolutionConfigurationPlatforms) = preSolution
		Debug|x64 = Debug|x64
		Debug|x86 = Debug|x86
		Release|x64 = Release|x64
		Release|x86 = Release|x86
	EndGlobalSection
	GlobalSection(ProjectConfigurationPlatforms) = postSolution
		{67BA45B2-9F4A-48EF-9541-972E2E8098C6}.Debug|x64.ActiveCfg = Debug|x64
		{67BA45B2-9F4A-48EF-9541-972E2E8098C6}.Debug|x64.Build.0 = Debug|x64
		{67BA45B2-9F4A-48EF-9541-972E2E8098C6}.Debug|x86.ActiveCfg = Debug|Win32
		{67BA45B2-9F4A-48EF-9541-972E2E8098C6}.Debug|x86.Build.0 = Debug|Win32
		{67BA45B2-9F4A-48EF-9541-972E2E8098C6}.Release|x64.ActiveCfg = Release|x64
		{67BA45B2-9F4A-48EF-9541-972E2E8098C6}.Release|x64.Build.0 = Release|x64
		{67BA45B2-9F4A-48EF-9541-972E2E8098C6}.Release|x86.ActiveCfg = Release|Win32
		{67BA45B2-9F4A-48EF-9541-972E2E8098C6}.Release|x86.Build.0 = Release|Win32
	EndGlobalSection
	GlobalSection(SolutionProperties) = preSolution
		HideSolutionNode = FALSE
	EndGlobalSection
	GlobalSection(ExtensibilityGlobals) = postSolution
		SolutionGuid = {21476A02-6A44-4EBA-82A9-4643C14E2F47}
	EndGlobalSection
EndGlobal
